PODS:
  - MetalPetal (1.4.0):
    - MetalPetal/Core (= 1.4.0)
  - MetalPetal/Core (1.4.0)

DEPENDENCIES:
  - MetalPetal

SPEC REPOS:
  https://github.com/cocoapods/specs.git:
    - MetalPetal

SPEC CHECKSUMS:
  MetalPetal: 92eea965b9b2f0c677d82618c2e78fa7e4347846

PODFILE CHECKSUM: 49d942020908f206d8497e9d57155ab56df62d2b

COCOAPODS: 1.5.3
